
Microsoft Visual Studio Solution File, Format Version 12.00
# Visual Studio Version 16
VisualStudioVersion = 16.0.31321.278
MinimumVisualStudioVersion = 10.0.40219.1
Project("{FAE04EC0-301F-11D3-BF4B-00C04F79EFBC}") = "AlgorithmPractice", "AlgorithmPractice\AlgorithmPractice.csproj", "{01BC15D4-B11E-448C-9C48-6A02C4CACC6A}"
EndProject
Project("{FAE04EC0-301F-11D3-BF4B-00C04F79EFBC}") = "AlgorithmPracticeTests", "AlgorithmPracticeTests\AlgorithmPracticeTests.csproj", "{9F240AC5-C088-4863-A51F-FF2D3AEA4099}"
EndProject
Global
	GlobalSection(SolutionConfigurationPlatforms) = preSolution
		Debug|Any CPU = Debug|Any CPU
		Release|Any CPU = Release|Any CPU
	EndGlobalSection
	GlobalSection(ProjectConfigurationPlatforms) = postSolution
		{01BC15D4-B11E-448C-9C48-6A02C4CACC6A}.Debug|Any CPU.ActiveCfg = Debug|Any CPU
		{01BC15D4-B11E-448C-9C48-6A02C4CACC6A}.Debug|Any CPU.Build.0 = Debug|Any CPU
		{01BC15D4-B11E-448C-9C48-6A02C4CACC6A}.Release|Any CPU.ActiveCfg = Release|Any CPU
		{01BC15D4-B11E-448C-9C48-6A02C4CACC6A}.Release|Any CPU.Build.0 = Release|Any CPU
		{9F240AC5-C088-4863-A51F-FF2D3AEA4099}.Debug|Any CPU.ActiveCfg = Debug|Any CPU
		{9F240AC5-C088-4863-A51F-FF2D3AEA4099}.Debug|Any CPU.Build.0 = Debug|Any CPU
		{9F240AC5-C088-4863-A51F-FF2D3AEA4099}.Release|Any CPU.ActiveCfg = Release|Any CPU
		{9F240AC5-C088-4863-A51F-FF2D3AEA4099}.Release|Any CPU.Build.0 = Release|Any CPU
	EndGlobalSection
	GlobalSection(SolutionProperties) = preSolution
		HideSolutionNode = FALSE
	EndGlobalSection
	GlobalSection(ExtensibilityGlobals) = postSolution
		SolutionGuid = {1C7E93E8-E187-4439-AE5C-DD1BF460A66E}
	EndGlobalSection
EndGlobal
